
Microsoft Visual Studio Solution File, Format Version 12.00
# Visual Studio Version 17
VisualStudioVersion = 17.14.37710.0 d17.14
MinimumVisualStudioVersion = 10.0.40219.1
Project("{FAE04EC0-301F-11D3-BF4B-00C04F79EFBC}") = "Test Score Average", "Test Score Average\Test Score Average.csproj", "{DC0CE873-4846-40E6-8FAF-CFB700535867}"
EndProject
Global
	GlobalSection(SolutionConfigurationPlatforms) = preSolution
		Debug|Any CPU = Debug|Any CPU
		Release|Any CPU = Release|Any CPU
	EndGlobalSection
	GlobalSection(ProjectConfigurationPlatforms) = postSolution
		{DC0CE873-4846-40E6-8FAF-CFB700535867}.Debug|Any CPU.ActiveCfg = Debug|Any CPU
		{DC0CE873-4846-40E6-8FAF-CFB700535867}.Debug|Any CPU.Build.0 = Debug|Any CPU
		{DC0CE873-4846-40E6-8FAF-CFB700535867}.Release|Any CPU.ActiveCfg = Release|Any CPU
		{DC0CE873-4846-40E6-8FAF-CFB700535867}.Release|Any CPU.Build.0 = Release|Any CPU
	EndGlobalSection
	GlobalSection(SolutionProperties) = preSolution
		HideSolutionNode = FALSE
	EndGlobalSection
	GlobalSection(ExtensibilityGlobals) = postSolution
		SolutionGuid = {74C7B297-7E76-4CFD-BB3A-F48B7D7F67D0}
	EndGlobalSection
EndGlobal
